
Microsoft Visual Studio Solution File, Format Version 12.00
# Visual Studio Version 17
VisualStudioVersion = 17.11.35312.102
MinimumVisualStudioVersion = 10.0.40219.1
Project("{FAE04EC0-301F-11D3-BF4B-00C04F79EFBC}") = "LoggerDemo", "LoggerDemo.csproj", "{9FEF7337-9625-4A92-8CCD-860E4C8847BE}"
EndProject
Global
	GlobalSection(SolutionConfigurationPlatforms) = preSolution
		Debug|Any CPU = Debug|Any CPU
		Release|Any CPU = Release|Any CPU
	EndGlobalSection
	GlobalSection(ProjectConfigurationPlatforms) = postSolution
		{9FEF7337-9625-4A92-8CCD-860E4C8847BE}.Debug|Any CPU.ActiveCfg = Debug|Any CPU
		{9FEF7337-9625-4A92-8CCD-860E4C8847BE}.Debug|Any CPU.Build.0 = Debug|Any CPU
		{9FEF7337-9625-4A92-8CCD-860E4C8847BE}.Release|Any CPU.ActiveCfg = Release|Any CPU
		{9FEF7337-9625-4A92-8CCD-860E4C8847BE}.Release|Any CPU.Build.0 = Release|Any CPU
	EndGlobalSection
	GlobalSection(SolutionProperties) = preSolution
		HideSolutionNode = FALSE
	EndGlobalSection
	GlobalSection(ExtensibilityGlobals) = postSolution
		SolutionGuid = {D96EB8D6-8711-4A13-AD21-60C4D1BE7DF0}
	EndGlobalSection
EndGlobal
